# THIS IS AN AUTOGENERATED FILE. DO NOT EDIT THIS FILE DIRECTLY.
# yarn lockfile v1


"@types/node@^12.12.14":
  version "12.12.47"
  resolved "https://registry.yarnpkg.com/@types/node/-/node-12.12.47.tgz#5007b8866a2f9150de82335ca7e24dd1d59bdfb5"
  integrity sha512-yzBInQFhdY8kaZmqoL2+3U5dSTMrKaYcb561VU+lDzAYvqt+2lojvBEy+hmpSNuXnPTx7m9+04CzWYOUqWME2A==

camelcase-keys@^6.2.2:
  version "6.2.2"
  resolved "https://registry.yarnpkg.com/camelcase-keys/-/camelcase-keys-6.2.2.tgz#5e755d6ba51aa223ec7d3d52f25778210f9dc3c0"
  integrity sha512-YrwaA0vEKazPBkn0ipTiMpSajYDSe+KjQfrjhcBMxJt/znbvlHd8Pw/Vamaz5EB4Wfhs3SUR3Z9mwRu/P3s3Yg==
  dependencies:
    camelcase "^5.3.1"
    map-obj "^4.0.0"
    quick-lru "^4.0.1"

camelcase@^5.3.1:
  version "5.3.1"
  resolved "https://registry.yarnpkg.com/camelcase/-/camelcase-5.3.1.tgz#e3c9b31569e106811df242f715725a1f4c494320"
  integrity sha512-L28STB170nwWS63UjtlEOE3dldQApaJXZkOI1uMFfzf3rRuPegHaHesyee+YxQ+W6SvRDQV6UrdOdRiR153wJg==

cielo@^2.3.1:
  version "2.3.1"
  resolved "https://registry.yarnpkg.com/cielo/-/cielo-2.3.1.tgz#0bf7e96d56b1594eae56eeb8c70973128fee417a"
  integrity sha512-6yAbdnPDYJvHHExVgs3zHgrgCVye7uW+BrxwMlsE8q+PHVXKiWkwh1eZPQcic1RaiVxlonT3xevRvAV17e2Bog==
  dependencies:
    "@types/node" "^12.12.14"
    camelcase-keys "^6.2.2"
    typed-rest-client "^1.5.0"

invariant@^2.2.4:
  version "2.2.4"
  resolved "https://registry.yarnpkg.com/invariant/-/invariant-2.2.4.tgz#610f3c92c9359ce1db616e538008d23ff35158e6"
  integrity sha512-phJfQVBuaJM5raOpJjSfkiD6BpbCE4Ns//LaXl6wGYtUBY83nWS6Rf9tXm2e8VaK60JEjYldbPif/A2B1C2gNA==
  dependencies:
    loose-envify "^1.0.0"

"js-tokens@^3.0.0 || ^4.0.0":
  version "4.0.0"
  resolved "https://registry.yarnpkg.com/js-tokens/-/js-tokens-4.0.0.tgz#19203fb59991df98e3a287050d4647cdeaf32499"
  integrity sha512-RdJUflcE3cUzKiMqQgsCu06FPu9UdIJO0beYbPhHN4k6apgJtifcoCtT9bcxOpYBtpD2kCM6Sbzg4CausW/PKQ==

loose-envify@^1.0.0:
  version "1.4.0"
  resolved "https://registry.yarnpkg.com/loose-envify/-/loose-envify-1.4.0.tgz#71ee51fa7be4caec1a63839f7e682d8132d30caf"
  integrity sha512-lyuxPGr/Wfhrlem2CL/UcnUc1zcqKAImBDzukY7Y5F/yQiNdko6+fRLevlw1HgMySw7f611UIY408EtxRSoK3Q==
  dependencies:
    js-tokens "^3.0.0 || ^4.0.0"

map-obj@^4.0.0:
  version "4.1.0"
  resolved "https://registry.yarnpkg.com/map-obj/-/map-obj-4.1.0.tgz#b91221b542734b9f14256c0132c897c5d7256fd5"
  integrity sha512-glc9y00wgtwcDmp7GaE/0b0OnxpNJsVf3ael/An6Fe2Q51LLwN1er6sdomLRzz5h0+yMpiYLhWYF5R7HeqVd4g==

qs@^6.9.1:
  version "6.9.4"
  resolved "https://registry.yarnpkg.com/qs/-/qs-6.9.4.tgz#9090b290d1f91728d3c22e54843ca44aea5ab687"
  integrity sha512-A1kFqHekCTM7cz0udomYUoYNWjBebHm/5wzU/XqrBRBNWectVH0QIiN+NEcZ0Dte5hvzHwbr8+XQmguPhJ6WdQ==

quick-lru@^4.0.1:
  version "4.0.1"
  resolved "https://registry.yarnpkg.com/quick-lru/-/quick-lru-4.0.1.tgz#5b8878f113a58217848c6482026c73e1ba57727f"
  integrity sha512-ARhCpm70fzdcvNQfPoy49IaanKkTlRWF2JMzqhcJbhSFRZv7nPTvZJdcY7301IPmvW+/p0RgIWnQDLJxifsQ7g==

react-input-mask@^2.0.4:
  version "2.0.4"
  resolved "https://registry.yarnpkg.com/react-input-mask/-/react-input-mask-2.0.4.tgz#9ade5cf8196f4a856dbf010820fe75a795f3eb14"
  integrity sha512-1hwzMr/aO9tXfiroiVCx5EtKohKwLk/NT8QlJXHQ4N+yJJFyUuMT+zfTpLBwX/lK3PkuMlievIffncpMZ3HGRQ==
  dependencies:
    invariant "^2.2.4"
    warning "^4.0.2"

tunnel@0.0.6:
  version "0.0.6"
  resolved "https://registry.yarnpkg.com/tunnel/-/tunnel-0.0.6.tgz#72f1314b34a5b192db012324df2cc587ca47f92c"
  integrity sha512-1h/Lnq9yajKY2PEbBadPXj3VxsDDu844OnaAo52UVmIzIvwwtBPIuNvkjuzBlTWpfJyUbG3ez0KSBibQkj4ojg==

typed-rest-client@^1.5.0:
  version "1.7.3"
  resolved "https://registry.yarnpkg.com/typed-rest-client/-/typed-rest-client-1.7.3.tgz#1beb263b86b14d34596f6127c6172dd5fd652e7b"
  integrity sha512-CwTpx/TkRHGZoHkJhBcp4X8K3/WtlzSHVQR0OIFnt10j4tgy4ypgq/SrrgVpA1s6tAL49Q6J3R5C0Cgfh2ddqA==
  dependencies:
    qs "^6.9.1"
    tunnel "0.0.6"
    underscore "1.8.3"

underscore@1.8.3:
  version "1.8.3"
  resolved "https://registry.yarnpkg.com/underscore/-/underscore-1.8.3.tgz#4f3fb53b106e6097fcf9cb4109f2a5e9bdfa5022"
  integrity sha1-Tz+1OxBuYJf8+ctBCfKl6b36UCI=

warning@^4.0.2:
  version "4.0.3"
  resolved "https://registry.yarnpkg.com/warning/-/warning-4.0.3.tgz#16e9e077eb8a86d6af7d64aa1e05fd85b4678ca3"
  integrity sha512-rpJyN222KWIvHJ/F53XSZv0Zl/accqHR8et1kpaMTD/fLCRxtV8iX8czMzY7sVZupTI3zcUTg8eycS2kNF9l6w==
  dependencies:
    loose-envify "^1.0.0"
